{
    "_meta": {
        "hash": {
            "sha256": "2afc43f12ab9b39eb473d85ba431cb456033b24993eecb1cd8d6e3ca82a30d6e"
        },
        "pipfile-spec": 6,
        "requires": {
            "python_version": "3.8"
        },
        "sources": [
            {
                "name": "pypi",
                "url": "https://pypi.org/simple",
                "verify_ssl": true
            }
        ]
    },
    "default": {
        "argcomplete": {
            "hashes": [
                "sha256:291f0beca7fd49ce285d2f10e4c1c77e9460cf823eef2de54df0c0fec88b0d81",
                "sha256:2c7dbffd8c045ea534921e63b0be6fe65e88599990d8dc408ac8c542b72a5445"
            ],
            "version": "==1.12.3"
        },
        "asgiref": {
            "hashes": [
                "sha256:4ef1ab46b484e3c706329cedeff284a5d40824200638503f5768edb6de7d58e9",
                "sha256:ffc141aa908e6f175673e7b1b3b7af4fdb0ecb738fc5c8b88f69f055c2415214"
            ],
            "markers": "python_version >= '3.6'",
            "version": "==3.4.1"
        },
        "boto3": {
            "hashes": [
                "sha256:bce638f57fbf054f8eba1abce56c849108646edde3564bd08316763323a4020e",
                "sha256:c1f94af6989cb6bb90e22c063783b5b9b2b75ccf20bac993d9c35de84501e2bb"
            ],
            "index": "pypi",
            "version": "==1.17.109"
        },
        "botocore": {
            "hashes": [
                "sha256:71e55a76305f9b55266a0930d37c3cfb3586a699a22f92e4329f9bd0ad63aa4d",
                "sha256:f0acd29847118e48c72c07a1bcf6f03417f22d67e05f310b8db51d77f4bd6234"
            ],
            "markers": "python_version >= '2.7' and python_version not in '3.0, 3.1, 3.2, 3.3, 3.4, 3.5'",
            "version": "==1.20.109"
        },
        "certifi": {
            "hashes": [
                "sha256:2bbf76fd432960138b3ef6dda3dde0544f27cbf8546c458e60baf371917ba9ee",
                "sha256:50b1e4f8446b06f41be7dd6338db18e0990601dce795c2b1686458aa7e8fa7d8"
            ],
            "version": "==2021.5.30"
        },
        "cfn-flip": {
            "hashes": [
                "sha256:2bed32a1f4dca26dc64178d52511fd4ef778b5ccbcf32559cac884ace75bde6a"
            ],
            "version": "==1.2.3"
        },
        "chardet": {
            "hashes": [
                "sha256:0d6f53a15db4120f2b08c94f11e7d93d2c911ee118b6b30a04ec3ee8310179fa",
                "sha256:f864054d66fd9118f2e67044ac8981a54775ec5b67aed0441892edb553d21da5"
            ],
            "markers": "python_version >= '2.7' and python_version not in '3.0, 3.1, 3.2, 3.3, 3.4'",
            "version": "==4.0.0"
        },
        "click": {
            "hashes": [
                "sha256:8c04c11192119b1ef78ea049e0a6f0463e4c48ef00a30160c704337586f3ad7a",
                "sha256:fba402a4a47334742d782209a7c79bc448911afe1149d07bdabdf480b3e2f4b6"
            ],
            "markers": "python_version >= '3.6'",
            "version": "==8.0.1"
        },
        "django": {
            "hashes": [
                "sha256:3da05fea54fdec2315b54a563d5b59f3b4e2b1e69c3a5841dda35019c01855cd",
                "sha256:c58b5f19c5ae0afe6d75cbdd7df561e6eb929339985dbbda2565e1cabb19a62e"
            ],
            "index": "pypi",
            "version": "==3.2.5"
        },
        "django-s3-storage": {
            "hashes": [
                "sha256:4caa2e993ca2f3762d05d6f1ab2a291cad57d08fd104e6808b6c6278204fa836"
            ],
            "index": "pypi",
            "version": "==0.13.4"
        },
        "durationpy": {
            "hashes": [
                "sha256:5ef9416b527b50d722f34655becfb75e49228eb82f87b855ed1911b3314b5408"
            ],
            "version": "==0.5"
        },
        "future": {
            "hashes": [
                "sha256:b1bead90b70cf6ec3f0710ae53a525360fa360d306a86583adc6bf83a4db537d"
            ],
            "markers": "python_version >= '2.6' and python_version not in '3.0, 3.1, 3.2, 3.3'",
            "version": "==0.18.2"
        },
        "hjson": {
            "hashes": [
                "sha256:2838fd7200e5839ea4516ece953f3a19892c41089f0d933ba3f68e596aacfcd5",
                "sha256:5546438bf4e1b52bc964c6a47c4ed10fa5fba8a1b264e22efa893e333baad2db"
            ],
            "version": "==3.0.2"
        },
        "idna": {
            "hashes": [
                "sha256:b307872f855b18632ce0c21c5e45be78c0ea7ae4c15c828c20788b26921eb3f6",
                "sha256:b97d804b1e9b523befed77c48dacec60e6dcb0b5391d57af6a65a312a90648c0"
            ],
            "markers": "python_version >= '2.7' and python_version not in '3.0, 3.1, 3.2, 3.3'",
            "version": "==2.10"
        },
        "jmespath": {
            "hashes": [
                "sha256:b85d0567b8666149a93172712e68920734333c0ce7e89b78b3e987f71e5ed4f9",
                "sha256:cdf6525904cc597730141d61b36f2e4b8ecc257c420fa2f4549bac2c2d0cb72f"
            ],
            "markers": "python_version >= '2.6' and python_version not in '3.0, 3.1, 3.2, 3.3'",
            "version": "==0.10.0"
        },
        "kappa": {
            "hashes": [
                "sha256:4b5b372872f25d619e427e04282551048dc975a107385b076b3ffc6406a15833",
                "sha256:4d6b7b3accce4a0aaaac92b36237a6304f0f2fffbbe3caea3f7c9f52d12c9989"
            ],
            "version": "==0.6.0"
        },
        "pep517": {
            "hashes": [
                "sha256:ac59f3f6b9726a49e15a649474539442cf76e0697e39df4869d25e68e880931b",
                "sha256:eba39d201ef937584ad3343df3581069085bacc95454c80188291d5b3ac7a249"
            ],
            "version": "==0.10.0"
        },
        "pip-tools": {
            "hashes": [
                "sha256:77727ef7457d1865e61fe34c2b1439f9b971b570cc232616a22ce82ab89d357d",
                "sha256:9ed38c73da4993e531694ea151f77048b4dbf2ba7b94c4a569daa39568cc6564"
            ],
            "markers": "python_version >= '3.6'",
            "version": "==6.2.0"
        },
        "placebo": {
            "hashes": [
                "sha256:03157f8527bbc2965b71b88f4a139ef8038618b346787f20d63e3c5da541b047"
            ],
            "version": "==0.9.0"
        },
        "psycopg2-binary": {
            "hashes": [
                "sha256:0b7dae87f0b729922e06f85f667de7bf16455d411971b2043bbd9577af9d1975",
                "sha256:0f2e04bd2a2ab54fa44ee67fe2d002bb90cee1c0f1cc0ebc3148af7b02034cbd",
                "sha256:123c3fb684e9abfc47218d3784c7b4c47c8587951ea4dd5bc38b6636ac57f616",
                "sha256:1473c0215b0613dd938db54a653f68251a45a78b05f6fc21af4326f40e8360a2",
                "sha256:14db1752acdd2187d99cb2ca0a1a6dfe57fc65c3281e0f20e597aac8d2a5bd90",
                "sha256:1e3a362790edc0a365385b1ac4cc0acc429a0c0d662d829a50b6ce743ae61b5a",
                "sha256:1e85b74cbbb3056e3656f1cc4781294df03383127a8114cbc6531e8b8367bf1e",
                "sha256:20f1ab44d8c352074e2d7ca67dc00843067788791be373e67a0911998787ce7d",
                "sha256:2f62c207d1740b0bde5c4e949f857b044818f734a3d57f1d0d0edc65050532ed",
                "sha256:3242b9619de955ab44581a03a64bdd7d5e470cc4183e8fcadd85ab9d3756ce7a",
                "sha256:35c4310f8febe41f442d3c65066ca93cccefd75013df3d8c736c5b93ec288140",
                "sha256:4235f9d5ddcab0b8dbd723dca56ea2922b485ea00e1dafacf33b0c7e840b3d32",
                "sha256:5ced67f1e34e1a450cdb48eb53ca73b60aa0af21c46b9b35ac3e581cf9f00e31",
                "sha256:7360647ea04db2e7dff1648d1da825c8cf68dc5fbd80b8fb5b3ee9f068dcd21a",
                "sha256:8c13d72ed6af7fd2c8acbd95661cf9477f94e381fce0792c04981a8283b52917",
                "sha256:988b47ac70d204aed01589ed342303da7c4d84b56c2f4c4b8b00deda123372bf",
                "sha256:995fc41ebda5a7a663a254a1dcac52638c3e847f48307b5416ee373da15075d7",
                "sha256:a36c7eb6152ba5467fb264d73844877be8b0847874d4822b7cf2d3c0cb8cdcb0",
                "sha256:aed4a9a7e3221b3e252c39d0bf794c438dc5453bc2963e8befe9d4cd324dff72",
                "sha256:aef9aee84ec78af51107181d02fe8773b100b01c5dfde351184ad9223eab3698",
                "sha256:b0221ca5a9837e040ebf61f48899926b5783668b7807419e4adae8175a31f773",
                "sha256:b4d7679a08fea64573c969f6994a2631908bb2c0e69a7235648642f3d2e39a68",
                "sha256:c250a7ec489b652c892e4f0a5d122cc14c3780f9f643e1a326754aedf82d9a76",
                "sha256:ca86db5b561b894f9e5f115d6a159fff2a2570a652e07889d8a383b5fae66eb4",
                "sha256:cfc523edecddaef56f6740d7de1ce24a2fdf94fd5e704091856a201872e37f9f",
                "sha256:da113b70f6ec40e7d81b43d1b139b9db6a05727ab8be1ee559f3a69854a69d34",
                "sha256:f6fac64a38f6768e7bc7b035b9e10d8a538a9fadce06b983fb3e6fa55ac5f5ce",
                "sha256:f8559617b1fcf59a9aedba2c9838b5b6aa211ffedecabca412b92a1ff75aac1a",
                "sha256:fbb42a541b1093385a2d8c7eec94d26d30437d0e77c1d25dae1dcc46741a385e"
            ],
            "index": "pypi",
            "version": "==2.9.1"
        },
        "python-dateutil": {
            "hashes": [
                "sha256:73ebfe9dbf22e832286dafa60473e4cd239f8592f699aa5adaf10050e6e1823c",
                "sha256:75bb3f31ea686f1197762692a9ee6a7550b59fc6ca3a1f4b5d7e32fb98e2da2a"
            ],
            "markers": "python_version >= '2.7' and python_version not in '3.0, 3.1, 3.2, 3.3'",
            "version": "==2.8.1"
        },
        "python-slugify": {
            "hashes": [
                "sha256:6d8c5df75cd4a7c3a2d21e257633de53f52ab0265cd2d1dc62a730e8194a7380",
                "sha256:f13383a0b9fcbe649a1892b9c8eb4f8eab1d6d84b84bb7a624317afa98159cab"
            ],
            "markers": "python_version >= '3.6'",
            "version": "==5.0.2"
        },
        "pytz": {
            "hashes": [
                "sha256:83a4a90894bf38e243cf052c8b58f381bfe9a7a483f6a9cab140bc7f702ac4da",
                "sha256:eb10ce3e7736052ed3623d49975ce333bcd712c7bb19a58b9e2089d4057d0798"
            ],
            "version": "==2021.1"
        },
        "pyyaml": {
            "hashes": [
                "sha256:08682f6b72c722394747bddaf0aa62277e02557c0fd1c42cb853016a38f8dedf",
                "sha256:0f5f5786c0e09baddcd8b4b45f20a7b5d61a7e7e99846e3c799b05c7c53fa696",
                "sha256:129def1b7c1bf22faffd67b8f3724645203b79d8f4cc81f674654d9902cb4393",
                "sha256:294db365efa064d00b8d1ef65d8ea2c3426ac366c0c4368d930bf1c5fb497f77",
                "sha256:3b2b1824fe7112845700f815ff6a489360226a5609b96ec2190a45e62a9fc922",
                "sha256:3bd0e463264cf257d1ffd2e40223b197271046d09dadf73a0fe82b9c1fc385a5",
                "sha256:4465124ef1b18d9ace298060f4eccc64b0850899ac4ac53294547536533800c8",
                "sha256:49d4cdd9065b9b6e206d0595fee27a96b5dd22618e7520c33204a4a3239d5b10",
                "sha256:4e0583d24c881e14342eaf4ec5fbc97f934b999a6828693a99157fde912540cc",
                "sha256:5accb17103e43963b80e6f837831f38d314a0495500067cb25afab2e8d7a4018",
                "sha256:607774cbba28732bfa802b54baa7484215f530991055bb562efbed5b2f20a45e",
                "sha256:6c78645d400265a062508ae399b60b8c167bf003db364ecb26dcab2bda048253",
                "sha256:72a01f726a9c7851ca9bfad6fd09ca4e090a023c00945ea05ba1638c09dc3347",
                "sha256:74c1485f7707cf707a7aef42ef6322b8f97921bd89be2ab6317fd782c2d53183",
                "sha256:895f61ef02e8fed38159bb70f7e100e00f471eae2bc838cd0f4ebb21e28f8541",
                "sha256:8c1be557ee92a20f184922c7b6424e8ab6691788e6d86137c5d93c1a6ec1b8fb",
                "sha256:bb4191dfc9306777bc594117aee052446b3fa88737cd13b7188d0e7aa8162185",
                "sha256:bfb51918d4ff3d77c1c856a9699f8492c612cde32fd3bcd344af9be34999bfdc",
                "sha256:c20cfa2d49991c8b4147af39859b167664f2ad4561704ee74c1de03318e898db",
                "sha256:cb333c16912324fd5f769fff6bc5de372e9e7a202247b48870bc251ed40239aa",
                "sha256:d2d9808ea7b4af864f35ea216be506ecec180628aced0704e34aca0b040ffe46",
                "sha256:d483ad4e639292c90170eb6f7783ad19490e7a8defb3e46f97dfe4bacae89122",
                "sha256:dd5de0646207f053eb0d6c74ae45ba98c3395a571a2891858e87df7c9b9bd51b",
                "sha256:e1d4970ea66be07ae37a3c2e48b5ec63f7ba6804bdddfdbd3cfd954d25a82e63",
                "sha256:e4fac90784481d221a8e4b1162afa7c47ed953be40d31ab4629ae917510051df",
                "sha256:fa5ae20527d8e831e8230cbffd9f8fe952815b2b7dae6ffec25318803a7528fc",
                "sha256:fd7f6999a8070df521b6384004ef42833b9bd62cfee11a09bda1079b4b704247",
                "sha256:fdc842473cd33f45ff6bce46aea678a54e3d21f1b61a7750ce3c498eedfe25d6",
                "sha256:fe69978f3f768926cfa37b867e3843918e012cf83f680806599ddce33c2c68b0"
            ],
            "markers": "python_version >= '2.7' and python_version not in '3.0, 3.1, 3.2, 3.3, 3.4, 3.5'",
            "version": "==5.4.1"
        },
        "requests": {
            "hashes": [
                "sha256:27973dd4a904a4f13b263a19c866c13b92a39ed1c964655f025f3f8d3d75b804",
                "sha256:c210084e36a42ae6b9219e00e48287def368a26d03a048ddad7bfee44f75871e"
            ],
            "markers": "python_version >= '2.7' and python_version not in '3.0, 3.1, 3.2, 3.3, 3.4'",
            "version": "==2.25.1"
        },
        "s3transfer": {
            "hashes": [
                "sha256:9b3752887a2880690ce628bc263d6d13a3864083aeacff4890c1c9839a5eb0bc",
                "sha256:cb022f4b16551edebbb31a377d3f09600dbada7363d8c5db7976e7f47732e1b2"
            ],
            "version": "==0.4.2"
        },
        "six": {
            "hashes": [
                "sha256:1e61c37477a1626458e36f7b1d82aa5c9b094fa4802892072e49de9c60c4c926",
                "sha256:8abb2f1d86890a2dfb989f9a77cfcfd3e47c2a354b01111771326f8aa26e0254"
            ],
            "markers": "python_version >= '2.7' and python_version not in '3.0, 3.1, 3.2, 3.3'",
            "version": "==1.16.0"
        },
        "sqlparse": {
            "hashes": [
                "sha256:017cde379adbd6a1f15a61873f43e8274179378e95ef3fede90b5aa64d304ed0",
                "sha256:0f91fd2e829c44362cbcfab3e9ae12e22badaa8a29ad5ff599f9ec109f0454e8"
            ],
            "markers": "python_version >= '3.5'",
            "version": "==0.4.1"
        },
        "text-unidecode": {
            "hashes": [
                "sha256:1311f10e8b895935241623731c2ba64f4c455287888b18189350b67134a822e8",
                "sha256:bad6603bb14d279193107714b288be206cac565dfa49aa5b105294dd5c4aab93"
            ],
            "version": "==1.3"
        },
        "toml": {
            "hashes": [
                "sha256:806143ae5bfb6a3c6e736a764057db0e6a0e05e338b5630894a5f779cabb4f9b",
                "sha256:b3bda1d108d5dd99f4a20d24d9c348e91c4db7ab1b749200bded2f839ccbe68f"
            ],
            "markers": "python_version >= '2.6' and python_version not in '3.0, 3.1, 3.2, 3.3'",
            "version": "==0.10.2"
        },
        "tqdm": {
            "hashes": [
                "sha256:5aa445ea0ad8b16d82b15ab342de6b195a722d75fc1ef9934a46bba6feafbc64",
                "sha256:8bb94db0d4468fea27d004a0f1d1c02da3cdedc00fe491c0de986b76a04d6b0a"
            ],
            "markers": "python_version >= '2.7' and python_version not in '3.0, 3.1, 3.2, 3.3'",
            "version": "==4.61.2"
        },
        "troposphere": {
            "hashes": [
                "sha256:0dde8c6b6c29086654edc2e11ec8beb6090e177e36a842229a9df3ce254650fa",
                "sha256:cde54935c60999316ef0e5587a63c69527f07f2c0eda2db6e4113b629457a19c"
            ],
            "markers": "python_full_version >= '3.6.2'",
            "version": "==3.0.1"
        },
        "urllib3": {
            "hashes": [
                "sha256:39fb8672126159acb139a7718dd10806104dec1e2f0f6c88aab05d17df10c8d4",
                "sha256:f57b4c16c62fa2760b7e3d97c35b255512fb6b59a259730f36ba32ce9f8e342f"
            ],
            "markers": "python_version >= '2.7' and python_version not in '3.0, 3.1, 3.2, 3.3, 3.4' and python_version < '4'",
            "version": "==1.26.6"
        },
        "werkzeug": {
            "hashes": [
                "sha256:1e0dedc2acb1f46827daa2e399c1485c8fa17c0d8e70b6b875b4e7f54bf408d2",
                "sha256:b353856d37dec59d6511359f97f6a4b2468442e454bd1c98298ddce53cac1f04"
            ],
            "markers": "python_version >= '2.7' and python_version not in '3.0, 3.1, 3.2, 3.3'",
            "version": "==0.16.1"
        },
        "wheel": {
            "hashes": [
                "sha256:78b5b185f0e5763c26ca1e324373aadd49182ca90e825f7853f4b2509215dc0e",
                "sha256:e11eefd162658ea59a60a0f6c7d493a7190ea4b9a85e335b33489d9f17e0245e"
            ],
            "markers": "python_version >= '2.7' and python_version not in '3.0, 3.1, 3.2, 3.3, 3.4'",
            "version": "==0.36.2"
        },
        "wsgi-request-logger": {
            "hashes": [
                "sha256:445d7ec52799562f812006394d0b4a7064b37084c6ea6bd74ea7a2136c97ed83"
            ],
            "version": "==0.4.6"
        },
        "zappa": {
            "hashes": [
                "sha256:46a0afc1218de17bf713a8f4cfcb4dde2ba0466d18088918b9d2bc22ec6f9434",
                "sha256:a3623197a1dd30faa028f62fda1b7ba5dcbb643bc6ac43ad4cffdfd89a3b85c8"
            ],
            "index": "pypi",
            "version": "==0.53.0"
        }
    },
    "develop": {
        "appdirs": {
            "hashes": [
                "sha256:7d5d0167b2b1ba821647616af46a749d1c653740dd0d2415100fe26e27afdf41",
                "sha256:a841dacd6b99318a741b166adb07e19ee71a274450e68237b4650ca1055ab128"
            ],
            "version": "==1.4.4"
        },
        "black": {
            "hashes": [
                "sha256:dc132348a88d103016726fe360cb9ede02cecf99b76e3660ce6c596be132ce04",
                "sha256:dfb8c5a069012b2ab1e972e7b908f5fb42b6bbabcba0a788b86dc05067c7d9c7"
            ],
            "index": "pypi",
            "version": "==21.6b0"
        },
        "click": {
            "hashes": [
                "sha256:8c04c11192119b1ef78ea049e0a6f0463e4c48ef00a30160c704337586f3ad7a",
                "sha256:fba402a4a47334742d782209a7c79bc448911afe1149d07bdabdf480b3e2f4b6"
            ],
            "markers": "python_version >= '3.6'",
            "version": "==8.0.1"
        },
        "mccabe": {
            "hashes": [
                "sha256:ab8a6258860da4b6677da4bd2fe5dc2c659cff31b3ee4f7f5d64e79735b80d42",
                "sha256:dd8d182285a0fe56bace7f45b5e7d1a6ebcbf524e8f3bd87eb0f125271b8831f"
            ],
            "version": "==0.6.1"
        },
        "mypy-extensions": {
            "hashes": [
                "sha256:090fedd75945a69ae91ce1303b5824f428daf5a028d2f6ab8a299250a846f15d",
                "sha256:2d82818f5bb3e369420cb3c4060a7970edba416647068eb4c5343488a6c604a8"
            ],
            "version": "==0.4.3"
        },
        "pathspec": {
            "hashes": [
                "sha256:86379d6b86d75816baba717e64b1a3a3469deb93bb76d613c9ce79edc5cb68fd",
                "sha256:aa0cb481c4041bf52ffa7b0d8fa6cd3e88a2ca4879c533c9153882ee2556790d"
            ],
            "version": "==0.8.1"
        },
        "pycodestyle": {
            "hashes": [
                "sha256:514f76d918fcc0b55c6680472f0a37970994e07bbb80725808c17089be302068",
                "sha256:c389c1d06bf7904078ca03399a4816f974a1d590090fecea0c63ec26ebaf1cef"
            ],
            "markers": "python_version >= '2.7' and python_version not in '3.0, 3.1, 3.2, 3.3'",
            "version": "==2.7.0"
        },
        "pydocstyle": {
            "hashes": [
                "sha256:1d41b7c459ba0ee6c345f2eb9ae827cab14a7533a88c5c6f7e94923f72df92dc",
                "sha256:6987826d6775056839940041beef5c08cc7e3d71d63149b48e36727f70144dc4"
            ],
            "markers": "python_version >= '3.6'",
            "version": "==6.1.1"
        },
        "pyflakes": {
            "hashes": [
                "sha256:7893783d01b8a89811dd72d7dfd4d84ff098e5eed95cfa8905b22bbffe52efc3",
                "sha256:f5bc8ecabc05bb9d291eb5203d6810b49040f6ff446a756326104746cc00c1db"
            ],
            "markers": "python_version >= '2.7' and python_version not in '3.0, 3.1, 3.2, 3.3'",
            "version": "==2.3.1"
        },
        "pylama": {
            "hashes": [
                "sha256:9bae53ef9c1a431371d6a8dca406816a60d547147b60a4934721898f553b7d8f",
                "sha256:fd61c11872d6256b019ef1235be37b77c922ef37ac9797df6bd489996dddeb15"
            ],
            "index": "pypi",
            "version": "==7.7.1"
        },
        "regex": {
            "hashes": [
                "sha256:0eb2c6e0fcec5e0f1d3bcc1133556563222a2ffd2211945d7b1480c1b1a42a6f",
                "sha256:15dddb19823f5147e7517bb12635b3c82e6f2a3a6b696cc3e321522e8b9308ad",
                "sha256:173bc44ff95bc1e96398c38f3629d86fa72e539c79900283afa895694229fe6a",
                "sha256:1c78780bf46d620ff4fff40728f98b8afd8b8e35c3efd638c7df67be2d5cddbf",
                "sha256:2366fe0479ca0e9afa534174faa2beae87847d208d457d200183f28c74eaea59",
                "sha256:2bceeb491b38225b1fee4517107b8491ba54fba77cf22a12e996d96a3c55613d",
                "sha256:2ddeabc7652024803666ea09f32dd1ed40a0579b6fbb2a213eba590683025895",
                "sha256:2fe5e71e11a54e3355fa272137d521a40aace5d937d08b494bed4529964c19c4",
                "sha256:319eb2a8d0888fa6f1d9177705f341bc9455a2c8aca130016e52c7fe8d6c37a3",
                "sha256:3f5716923d3d0bfb27048242a6e0f14eecdb2e2a7fac47eda1d055288595f222",
                "sha256:422dec1e7cbb2efbbe50e3f1de36b82906def93ed48da12d1714cabcd993d7f0",
                "sha256:4c9c3155fe74269f61e27617529b7f09552fbb12e44b1189cebbdb24294e6e1c",
                "sha256:4f64fc59fd5b10557f6cd0937e1597af022ad9b27d454e182485f1db3008f417",
                "sha256:564a4c8a29435d1f2256ba247a0315325ea63335508ad8ed938a4f14c4116a5d",
                "sha256:59506c6e8bd9306cd8a41511e32d16d5d1194110b8cfe5a11d102d8b63cf945d",
                "sha256:598c0a79b4b851b922f504f9f39a863d83ebdfff787261a5ed061c21e67dd761",
                "sha256:59c00bb8dd8775473cbfb967925ad2c3ecc8886b3b2d0c90a8e2707e06c743f0",
                "sha256:6110bab7eab6566492618540c70edd4d2a18f40ca1d51d704f1d81c52d245026",
                "sha256:6afe6a627888c9a6cfbb603d1d017ce204cebd589d66e0703309b8048c3b0854",
                "sha256:791aa1b300e5b6e5d597c37c346fb4d66422178566bbb426dd87eaae475053fb",
                "sha256:8394e266005f2d8c6f0bc6780001f7afa3ef81a7a2111fa35058ded6fce79e4d",
                "sha256:875c355360d0f8d3d827e462b29ea7682bf52327d500a4f837e934e9e4656068",
                "sha256:89e5528803566af4df368df2d6f503c84fbfb8249e6631c7b025fe23e6bd0cde",
                "sha256:99d8ab206a5270c1002bfcf25c51bf329ca951e5a169f3b43214fdda1f0b5f0d",
                "sha256:9a854b916806c7e3b40e6616ac9e85d3cdb7649d9e6590653deb5b341a736cec",
                "sha256:b85ac458354165405c8a84725de7bbd07b00d9f72c31a60ffbf96bb38d3e25fa",
                "sha256:bc84fb254a875a9f66616ed4538542fb7965db6356f3df571d783f7c8d256edd",
                "sha256:c92831dac113a6e0ab28bc98f33781383fe294df1a2c3dfd1e850114da35fd5b",
                "sha256:cbe23b323988a04c3e5b0c387fe3f8f363bf06c0680daf775875d979e376bd26",
                "sha256:ccb3d2190476d00414aab36cca453e4596e8f70a206e2aa8db3d495a109153d2",
                "sha256:d8bbce0c96462dbceaa7ac4a7dfbbee92745b801b24bce10a98d2f2b1ea9432f",
                "sha256:db2b7df831c3187a37f3bb80ec095f249fa276dbe09abd3d35297fc250385694",
                "sha256:e586f448df2bbc37dfadccdb7ccd125c62b4348cb90c10840d695592aa1b29e0",
                "sha256:e5983c19d0beb6af88cb4d47afb92d96751fb3fa1784d8785b1cdf14c6519407",
                "sha256:e6a1e5ca97d411a461041d057348e578dc344ecd2add3555aedba3b408c9f874",
                "sha256:eaf58b9e30e0e546cdc3ac06cf9165a1ca5b3de8221e9df679416ca667972035",
                "sha256:ed693137a9187052fc46eedfafdcb74e09917166362af4cc4fddc3b31560e93d",
                "sha256:edd1a68f79b89b0c57339bce297ad5d5ffcc6ae7e1afdb10f1947706ed066c9c",
                "sha256:f080248b3e029d052bf74a897b9d74cfb7643537fbde97fe8225a6467fb559b5",
                "sha256:f9392a4555f3e4cb45310a65b403d86b589adc773898c25a39184b1ba4db8985",
                "sha256:f98dc35ab9a749276f1a4a38ab3e0e2ba1662ce710f6530f5b0a6656f1c32b58"
            ],
            "version": "==2021.7.6"
        },
        "snowballstemmer": {
            "hashes": [
                "sha256:b51b447bea85f9968c13b650126a888aabd4cb4463fca868ec596826325dedc2",
                "sha256:e997baa4f2e9139951b6f4c631bad912dfd3c792467e2f03d7239464af90e914"
            ],
            "version": "==2.1.0"
        },
        "toml": {
            "hashes": [
                "sha256:806143ae5bfb6a3c6e736a764057db0e6a0e05e338b5630894a5f779cabb4f9b",
                "sha256:b3bda1d108d5dd99f4a20d24d9c348e91c4db7ab1b749200bded2f839ccbe68f"
            ],
            "markers": "python_version >= '2.6' and python_version not in '3.0, 3.1, 3.2, 3.3'",
            "version": "==0.10.2"
        }
    }
}
